{
    "_readme": [
        "This file locks the dependencies of your project to a known state",
        "Read more about it at https://getcomposer.org/doc/01-basic-usage.md#installing-dependencies",
        "This file is @generated automatically"
    ],
    "content-hash": "e0f3c856bd6e61aa45843c6d972427c0",
    "packages": [
        {
            "name": "components/jquery",
            "version": "3.3.1",
            "source": {
                "type": "git",
                "url": "https://github.com/components/jquery.git",
                "reference": "459648cda77875519c5da3ae1dd0ed5d170aa649"
            },
            "dist": {
                "type": "zip",
                "url": "https://api.github.com/repos/components/jquery/zipball/459648cda77875519c5da3ae1dd0ed5d170aa649",
                "reference": "459648cda77875519c5da3ae1dd0ed5d170aa649",
                "shasum": ""
            },
            "type": "component",
            "extra": {
                "component": {
                    "scripts": [
                        "jquery.js"
                    ],
                    "files": [
                        "jquery.min.js",
                        "jquery.min.map",
                        "jquery.slim.js",
                        "jquery.slim.min.js",
                        "jquery.slim.min.map"
                    ]
                }
            },
            "notification-url": "https://packagist.org/downloads/",
            "license": [
                "MIT"
            ],
            "authors": [
                {
                    "name": "JS Foundation and other contributors"
                }
            ],
            "description": "jQuery JavaScript Library",
            "homepage": "http://jquery.com",
            "time": "2018-03-04T13:23:48+00:00"
        },
        {
            "name": "mervick/material-design-icons",
            "version": "2.2.0",
            "source": {
                "type": "git",
                "url": "https://github.com/mervick/material-design-icons.git",
                "reference": "635435c8d3df3a6da3241648caf8a65d1c07cc1a"
            },
            "dist": {
                "type": "zip",
                "url": "https://api.github.com/repos/mervick/material-design-icons/zipball/635435c8d3df3a6da3241648caf8a65d1c07cc1a",
                "reference": "635435c8d3df3a6da3241648caf8a65d1c07cc1a",
                "shasum": ""
            },
            "type": "library",
            "notification-url": "https://packagist.org/downloads/",
            "license": [
                "MIT",
                "CC-BY-4.0"
            ],
            "authors": [
                {
                    "name": "Andrey Izman",
                    "email": "izmanw@gmail.com"
                }
            ],
            "description": "Google Material Design Icons For Using With Bootstrap",
            "homepage": "http://github.com/mervick/material-design-icons",
            "keywords": [
                "bootstrap",
                "google",
                "icons",
                "icons-web-font",
                "material",
                "material-design",
                "web-font"
            ],
            "time": "2016-02-22T01:05:40+00:00"
        },
        {
            "name": "onokumus/metismenu",
            "version": "dev-master",
            "source": {
                "type": "git",
                "url": "https://github.com/onokumus/metismenu.git",
                "reference": "e15a62fdf656828d20316f6af4c9cf46e81dd28e"
            },
            "dist": {
                "type": "zip",
                "url": "https://api.github.com/repos/onokumus/metismenu/zipball/e15a62fdf656828d20316f6af4c9cf46e81dd28e",
                "reference": "e15a62fdf656828d20316f6af4c9cf46e81dd28e",
                "shasum": ""
            },
            "suggest": {
                "components/jquery": ">=1.9"
            },
            "type": "library",
            "notification-url": "https://packagist.org/downloads/",
            "license": [
                "MIT"
            ],
            "authors": [
                {
                    "name": "Osman Nuri Okumus",
                    "email": "onokumus@gmail.com",
                    "homepage": "http://onokumus.com"
                }
            ],
            "description": "A jQuery menu plugin",
            "homepage": "https://github.com/onokumus/metisMenu",
            "keywords": [
                "JS",
                "bootstrap",
                "css",
                "jquery",
                "menu",
                "plugin",
                "web"
            ],
            "time": "2018-06-17T21:20:51+00:00"
        },
        {
            "name": "twbs/bootstrap",
            "version": "v4.1.1",
            "source": {
                "type": "git",
                "url": "https://github.com/twbs/bootstrap.git",
                "reference": "779ad9f174ea5ab7e755f6df0ec9e5912d67dd16"
            },
            "dist": {
                "type": "zip",
                "url": "https://api.github.com/repos/twbs/bootstrap/zipball/779ad9f174ea5ab7e755f6df0ec9e5912d67dd16",
                "reference": "779ad9f174ea5ab7e755f6df0ec9e5912d67dd16",
                "shasum": ""
            },
            "replace": {
                "twitter/bootstrap": "self.version"
            },
            "type": "library",
            "extra": {
                "branch-alias": {
                    "dev-master": "3.3.x-dev"
                }
            },
            "notification-url": "https://packagist.org/downloads/",
            "license": [
                "MIT"
            ],
            "authors": [
                {
                    "name": "Jacob Thornton",
                    "email": "jacobthornton@gmail.com"
                },
                {
                    "name": "Mark Otto",
                    "email": "markdotto@gmail.com"
                }
            ],
            "description": "The most popular front-end framework for developing responsive, mobile first projects on the web.",
            "homepage": "https://getbootstrap.com/",
            "keywords": [
                "JS",
                "css",
                "framework",
                "front-end",
                "mobile-first",
                "responsive",
                "sass",
                "web"
            ],
            "time": "2018-04-30T16:04:33+00:00"
        }
    ],
    "packages-dev": [],
    "aliases": [],
    "minimum-stability": "stable",
    "stability-flags": {
        "onokumus/metismenu": 20
    },
    "prefer-stable": false,
    "prefer-lowest": false,
    "platform": [],
    "platform-dev": []
}
